// !$*UTF8*$!
{
	archiveVersion = 1;
	classes = {
	};
	objectVersion = 48;
	objects = {

/* Begin PBXBuildFile section */
		75CCDC021FBAA71E00F08950 /* AppDelegate.swift in Sources */ = {isa = PBXBuildFile; fileRef = 75CCDC011FBAA71E00F08950 /* AppDelegate.swift */; };
		75CCDC041FBAA71E00F08950 /* ViewController.swift in Sources */ = {isa = PBXBuildFile; fileRef = 75CCDC031FBAA71E00F08950 /* ViewController.swift */; };
		75CCDC071FBAA71E00F08950 /* Main.storyboard in Resources */ = {isa = PBXBuildFile; fileRef = 75CCDC051FBAA71E00F08950 /* Main.storyboard */; };
		75CCDC091FBAA71E00F08950 /* Assets.xcassets in Resources */ = {isa = PBXBuildFile; fileRef = 75CCDC081FBAA71E00F08950 /* Assets.xcassets */; };
		75CCDC0C1FBAA71E00F08950 /* LaunchScreen.storyboard in Resources */ = {isa = PBXBuildFile; fileRef = 75CCDC0A1FBAA71E00F08950 /* LaunchScreen.storyboard */; };
/* End PBXBuildFile section */

/* Begin PBXFileReference section */
		75CCDBFE1FBAA71E00F08950 /* Auto Layout Stacks Calculator.app */ = {isa = PBXFileReference; explicitFileType = wrapper.application; includeInIndex = 0; path = "Auto Layout Stacks Calculator.app"; sourceTree = BUILT_PRODUCTS_DIR; };
		75CCDC011FBAA71E00F08950 /* AppDelegate.swift */ = {isa = PBXFileReference; lastKnownFileType = sourcecode.swift; path = AppDelegate.swift; sourceTree = "<group>"; };
		75CCDC031FBAA71E00F08950 /* ViewController.swift */ = {isa = PBXFileReference; lastKnownFileType = sourcecode.swift; path = ViewController.swift; sourceTree = "<group>"; };
		75CCDC061FBAA71E00F08950 /* Base */ = {isa = PBXFileReference; lastKnownFileType = file.storyboard; name = Base; path = Base.lproj/Main.storyboard; sourceTree = "<group>"; };
		75CCDC081FBAA71E00F08950 /* Assets.xcassets */ = {isa = PBXFileReference; lastKnownFileType = folder.assetcatalog; path = Assets.xcassets; sourceTree = "<group>"; };
		75CCDC0B1FBAA71E00F08950 /* Base */ = {isa = PBXFileReference; lastKnownFileType = file.storyboard; name = Base; path = Base.lproj/LaunchScreen.storyboard; sourceTree = "<group>"; };
		75CCDC0D1FBAA71E00F08950 /* Info.plist */ = {isa = PBXFileReference; lastKnownFileType = text.plist.xml; path = Info.plist; sourceTree = "<group>"; };
/* End PBXFileReference section */

/* Begin PBXFrameworksBuildPhase section */
		75CCDBFB1FBAA71E00F08950 /* Frameworks */ = {
			isa = PBXFrameworksBuildPhase;
			buildActionMask = 2147483647;
			files = (
			);
			runOnlyForDeploymentPostprocessing = 0;
		};
/* End PBXFrameworksBuildPhase section */

/* Begin PBXGroup section */
		75CCDBF51FBAA71D00F08950 = {
			isa = PBXGroup;
			children = (
				75CCDC001FBAA71E00F08950 /* Auto Layout Stacks Calculator */,
				75CCDBFF1FBAA71E00F08950 /* Products */,
			);
			sourceTree = "<group>";
		};
		75CCDBFF1FBAA71E00F08950 /* Products */ = {
			isa = PBXGroup;
			children = (
				75CCDBFE1FBAA71E00F08950 /* Auto Layout Stacks Calculator.app */,
			);
			name = Products;
			sourceTree = "<group>";
		};
		75CCDC001FBAA71E00F08950 /* Auto Layout Stacks Calculator */ = {
			isa = PBXGroup;
			children = (
				75CCDC011FBAA71E00F08950 /* AppDelegate.swift */,
				75CCDC031FBAA71E00F08950 /* ViewController.swift */,
				75CCDC051FBAA71E00F08950 /* Main.storyboard */,
				75CCDC081FBAA71E00F08950 /* Assets.xcassets */,
				75CCDC0A1FBAA71E00F08950 /* LaunchScreen.storyboard */,
				75CCDC0D1FBAA71E00F08950 /* Info.plist */,
			);
			path = "Auto Layout Stacks Calculator";
			sourceTree = "<group>";
		};
/* End PBXGroup section */

/* Begin PBXNativeTarget section */
		75CCDBFD1FBAA71E00F08950 /* Auto Layout Stacks Calculator */ = {
			isa = PBXNativeTarget;
			buildConfigurationList = 75CCDC101FBAA71E00F08950 /* Build configuration list for PBXNativeTarget "Auto Layout Stacks Calculator" */;
			buildPhases = (
				75CCDBFA1FBAA71E00F08950 /* Sources */,
				75CCDBFB1FBAA71E00F08950 /* Frameworks */,
				75CCDBFC1FBAA71E00F08950 /* Resources */,
			);
			buildRules = (
			);
			dependencies = (
			);
			name = "Auto Layout Stacks Calculator";
			productName = "Auto Layout Stacks Calculator";
			productReference = 75CCDBFE1FBAA71E00F08950 /* Auto Layout Stacks Calculator.app */;
			productType = "com.apple.product-type.application";
		};
/* End PBXNativeTarget section */

/* Begin PBXProject section */
		75CCDBF61FBAA71D00F08950 /* Project object */ = {
			isa = PBXProject;
			attributes = {
				LastSwiftUpdateCheck = 0910;
				LastUpgradeCheck = 0910;
				ORGANIZATIONNAME = "Alex Padilla";
				TargetAttributes = {
					75CCDBFD1FBAA71E00F08950 = {
						CreatedOnToolsVersion = 9.1;
						ProvisioningStyle = Automatic;
					};
				};
			};
			buildConfigurationList = 75CCDBF91FBAA71D00F08950 /* Build configuration list for PBXProject "Auto Layout Stacks Calculator" */;
			compatibilityVersion = "Xcode 8.0";
			developmentRegion = en;
			hasScannedForEncodings = 0;
			knownRegions = (
				en,
				Base,
			);
			mainGroup = 75CCDBF51FBAA71D00F08950;
			productRefGroup = 75CCDBFF1FBAA71E00F08950 /* Products */;
			projectDirPath = "";
			projectRoot = "";
			targets = (
				75CCDBFD1FBAA71E00F08950 /* Auto Layout Stacks Calculator */,
			);
		};
/* End PBXProject section */

/* Begin PBXResourcesBuildPhase section */
		75CCDBFC1FBAA71E00F08950 /* Resources */ = {
			isa = PBXResourcesBuildPhase;
			buildActionMask = 2147483647;
			files = (
				75CCDC0C1FBAA71E00F08950 /* LaunchScreen.storyboard in Resources */,
				75CCDC091FBAA71E00F08950 /* Assets.xcassets in Resources */,
				75CCDC071FBAA71E00F08950 /* Main.storyboard in Resources */,
			);
			runOnlyForDeploymentPostprocessing = 0;
		};
/* End PBXResourcesBuildPhase section */

/* Begin PBXSourcesBuildPhase section */
		75CCDBFA1FBAA71E00F08950 /* Sources */ = {
			isa = PBXSourcesBuildPhase;
			buildActionMask = 2147483647;
			files = (
				75CCDC041FBAA71E00F08950 /* ViewController.swift in Sources */,
				75CCDC021FBAA71E00F08950 /* AppDelegate.swift in Sources */,
			);
			runOnlyForDeploymentPostprocessing = 0;
		};
/* End PBXSourcesBuildPhase section */

/* Begin PBXVariantGroup section */
		75CCDC051FBAA71E00F08950 /* Main.storyboard */ = {
			isa = PBXVariantGroup;
			children = (
				75CCDC061FBAA71E00F08950 /* Base */,
			);
			name = Main.storyboard;
			sourceTree = "<group>";
		};
		75CCDC0A1FBAA71E00F08950 /* LaunchScreen.storyboard */ = {
			isa = PBXVariantGroup;
			children = (
				75CCDC0B1FBAA71E00F08950 /* Base */,
			);
			name = LaunchScreen.storyboard;
			sourceTree = "<group>";
		};
/* End PBXVariantGroup section */

/* Begin XCBuildConfiguration section */
		75CCDC0E1FBAA71E00F08950 /* Debug */ = {
			isa = XCBuildConfiguration;
			buildSettings = {
				ALWAYS_SEARCH_USER_PATHS = NO;
				CLANG_ANALYZER_NONNULL = YES;
				CLANG_ANALYZER_NUMBER_OBJECT_CONVERSION = YES_AGGRESSIVE;
				CLANG_CXX_LANGUAGE_STANDARD = "gnu++14";
				CLANG_CXX_LIBRARY = "libc++";
				CLANG_ENABLE_MODULES = YES;
				CLANG_ENABLE_OBJC_ARC = YES;
				CLANG_WARN_BLOCK_CAPTURE_AUTORELEASING = YES;
				CLANG_WARN_BOOL_CONVERSION = YES;
				CLANG_WARN_COMMA = YES;
				CLANG_WARN_CONSTANT_CONVERSION = YES;
				CLANG_WARN_DIRECT_OBJC_ISA_USAGE = YES_ERROR;
				CLANG_WARN_DOCUMENTATION_COMMENTS = YES;
				CLANG_WARN_EMPTY_BODY = YES;
				CLANG_WARN_ENUM_CONVERSION = YES;
				CLANG_WARN_INFINITE_RECURSION = YES;
				CLANG_WARN_INT_CONVERSION = YES;
				CLANG_WARN_NON_LITERAL_NULL_CONVERSION = YES;
				CLANG_WARN_OBJC_LITERAL_CONVERSION = YES;
				CLANG_WARN_OBJC_ROOT_CLASS = YES_ERROR;
				CLANG_WARN_RANGE_LOOP_ANALYSIS = YES;
				CLANG_WARN_STRICT_PROTOTYPES = YES;
				CLANG_WARN_SUSPICIOUS_MOVE = YES;
				CLANG_WARN_UNGUARDED_AVAILABILITY = YES_AGGRESSIVE;
				CLANG_WARN_UNREACHABLE_CODE = YES;
				CLANG_WARN__DUPLICATE_METHOD_MATCH = YES;
				CODE_SIGN_IDENTITY = "iPhone Developer";
				COPY_PHASE_STRIP = NO;
				DEBUG_INFORMATION_FORMAT = dwarf;
				ENABLE_STRICT_OBJC_MSGSEND = YES;
				ENABLE_TESTABILITY = YES;
				GCC_C_LANGUAGE_STANDARD = gnu11;
				GCC_DYNAMIC_NO_PIC = NO;
				GCC_NO_COMMON_BLOCKS = YES;
				GCC_OPTIMIZATION_LEVEL = 0;
				GCC_PREPROCESSOR_DEFINITIONS = (
					"DEBUG=1",
					"$(inherited)",
				);
				GCC_WARN_64_TO_32_BIT_CONVERSION = YES;
				GCC_WARN_ABOUT_RETURN_TYPE = YES_ERROR;
				GCC_WARN_UNDECLARED_SELECTOR = YES;
				GCC_WARN_UNINITIALIZED_AUTOS = YES_AGGRESSIVE;
				GCC_WARN_UNUSED_FUNCTION = YES;
				GCC_WARN_UNUSED_VARIABLE = YES;
				IPHONEOS_DEPLOYMENT_TARGET = 11.1;
				MTL_ENABLE_DEBUG_INFO = YES;
				ONLY_ACTIVE_ARCH = YES;
				SDKROOT = iphoneos;
				SWIFT_ACTIVE_COMPILATION_CONDITIONS = DEBUG;
				SWIFT_OPTIMIZATION_LEVEL = "-Onone";
			};
			name = Debug;
		};
		75CCDC0F1FBAA71E00F08950 /* Release */ = {
			isa = XCBuildConfiguration;
			buildSettings = {
				ALWAYS_SEARCH_USER_PATHS = NO;
				CLANG_ANALYZER_NONNULL = YES;
				CLANG_ANALYZER_NUMBER_OBJECT_CONVERSION = YES_AGGRESSIVE;
				CLANG_CXX_LANGUAGE_STANDARD = "gnu++14";
				CLANG_CXX_LIBRARY = "libc++";
				CLANG_ENABLE_MODULES = YES;
				CLANG_ENABLE_OBJC_ARC = YES;
				CLANG_WARN_BLOCK_CAPTURE_AUTORELEASING = YES;
				CLANG_WARN_BOOL_CONVERSION = YES;
				CLANG_WARN_COMMA = YES;
				CLANG_WARN_CONSTANT_CONVERSION = YES;
				CLANG_WARN_DIRECT_OBJC_ISA_USAGE = YES_ERROR;
				CLANG_WARN_DOCUMENTATION_COMMENTS = YES;
				CLANG_WARN_EMPTY_BODY = YES;
				CLANG_WARN_ENUM_CONVERSION = YES;
				CLANG_WARN_INFINITE_RECURSION = YES;
				CLANG_WARN_INT_CONVERSION = YES;
				CLANG_WARN_NON_LITERAL_NULL_CONVERSION = YES;
				CLANG_WARN_OBJC_LITERAL_CONVERSION = YES;
				CLANG_WARN_OBJC_ROOT_CLASS = YES_ERROR;
				CLANG_WARN_RANGE_LOOP_ANALYSIS = YES;
				CLANG_WARN_STRICT_PROTOTYPES = YES;
				CLANG_WARN_SUSPICIOUS_MOVE = YES;
				CLANG_WARN_UNGUARDED_AVAILABILITY = YES_AGGRESSIVE;
				CLANG_WARN_UNREACHABLE_CODE = YES;
				CLANG_WARN__DUPLICATE_METHOD_MATCH = YES;
				CODE_SIGN_IDENTITY = "iPhone Developer";
				COPY_PHASE_STRIP = NO;
				DEBUG_INFORMATION_FORMAT = "dwarf-with-dsym";
				ENABLE_NS_ASSERTIONS = NO;
				ENABLE_STRICT_OBJC_MSGSEND = YES;
				GCC_C_LANGUAGE_STANDARD = gnu11;
				GCC_NO_COMMON_BLOCKS = YES;
				GCC_WARN_64_TO_32_BIT_CONVERSION = YES;
				GCC_WARN_ABOUT_RETURN_TYPE = YES_ERROR;
				GCC_WARN_UNDECLARED_SELECTOR = YES;
				GCC_WARN_UNINITIALIZED_AUTOS = YES_AGGRESSIVE;
				GCC_WARN_UNUSED_FUNCTION = YES;
				GCC_WARN_UNUSED_VARIABLE = YES;
				IPHONEOS_DEPLOYMENT_TARGET = 11.1;
				MTL_ENABLE_DEBUG_INFO = NO;
				SDKROOT = iphoneos;
				SWIFT_OPTIMIZATION_LEVEL = "-Owholemodule";
				VALIDATE_PRODUCT = YES;
			};
			name = Release;
		};
		75CCDC111FBAA71E00F08950 /* Debug */ = {
			isa = XCBuildConfiguration;
			buildSettings = {
				ASSETCATALOG_COMPILER_APPICON_NAME = AppIcon;
				CODE_SIGN_STYLE = Automatic;
				DEVELOPMENT_TEAM = 5TP5KBKR2P;
				INFOPLIST_FILE = "Auto Layout Stacks Calculator/Info.plist";
				LD_RUNPATH_SEARCH_PATHS = "$(inherited) @executable_path/Frameworks";
				PRODUCT_BUNDLE_IDENTIFIER = "com.alex.Auto-Layout-Stacks-Calculator";
				PRODUCT_NAME = "$(TARGET_NAME)";
				SWIFT_VERSION = 4.0;
				TARGETED_DEVICE_FAMILY = "1,2";
			};
			name = Debug;
		};
		75CCDC121FBAA71E00F08950 /* Release */ = {
			isa = XCBuildConfiguration;
			buildSettings = {
				ASSETCATALOG_COMPILER_APPICON_NAME = AppIcon;
				CODE_SIGN_STYLE = Automatic;
				DEVELOPMENT_TEAM = 5TP5KBKR2P;
				INFOPLIST_FILE = "Auto Layout Stacks Calculator/Info.plist";
				LD_RUNPATH_SEARCH_PATHS = "$(inherited) @executable_path/Frameworks";
				PRODUCT_BUNDLE_IDENTIFIER = "com.alex.Auto-Layout-Stacks-Calculator";
				PRODUCT_NAME = "$(TARGET_NAME)";
				SWIFT_VERSION = 4.0;
				TARGETED_DEVICE_FAMILY = "1,2";
			};
			name = Release;
		};
/* End XCBuildConfiguration section */

/* Begin XCConfigurationList section */
		75CCDBF91FBAA71D00F08950 /* Build configuration list for PBXProject "Auto Layout Stacks Calculator" */ = {
			isa = XCConfigurationList;
			buildConfigurations = (
				75CCDC0E1FBAA71E00F08950 /* Debug */,
				75CCDC0F1FBAA71E00F08950 /* Release */,
			);
			defaultConfigurationIsVisible = 0;
			defaultConfigurationName = Release;
		};
		75CCDC101FBAA71E00F08950 /* Build configuration list for PBXNativeTarget "Auto Layout Stacks Calculator" */ = {
			isa = XCConfigurationList;
			buildConfigurations = (
				75CCDC111FBAA71E00F08950 /* Debug */,
				75CCDC121FBAA71E00F08950 /* Release */,
			);
			defaultConfigurationIsVisible = 0;
			defaultConfigurationName = Release;
		};
/* End XCConfigurationList section */
	};
	rootObject = 75CCDBF61FBAA71D00F08950 /* Project object */;
}
